
Microsoft Visual Studio Solution File, Format Version 12.00
# Visual Studio Version 16
VisualStudioVersion = 16.0.30225.117
MinimumVisualStudioVersion = 10.0.40219.1
Project("{FAE04EC0-301F-11D3-BF4B-00C04F79EFBC}") = "TrabalhoDistribuicao", "TrabalhoCRUD\TrabalhoDistribuicao.csproj", "{E1DDD266-12E9-4953-9D35-20F59EA966B6}"
EndProject
Project("{FAE04EC0-301F-11D3-BF4B-00C04F79EFBC}") = "TrabalhoDistribuicao.Context", "TrabalhoCRUD.Context\TrabalhoDistribuicao.Context.csproj", "{D373B919-58D2-40FD-9719-76B2747C4527}"
EndProject
Global
	GlobalSection(SolutionConfigurationPlatforms) = preSolution
		Debug|Any CPU = Debug|Any CPU
		Release|Any CPU = Release|Any CPU
	EndGlobalSection
	GlobalSection(ProjectConfigurationPlatforms) = postSolution
		{E1DDD266-12E9-4953-9D35-20F59EA966B6}.Debug|Any CPU.ActiveCfg = Debug|Any CPU
		{E1DDD266-12E9-4953-9D35-20F59EA966B6}.Debug|Any CPU.Build.0 = Debug|Any CPU
		{E1DDD266-12E9-4953-9D35-20F59EA966B6}.Release|Any CPU.ActiveCfg = Release|Any CPU
		{E1DDD266-12E9-4953-9D35-20F59EA966B6}.Release|Any CPU.Build.0 = Release|Any CPU
		{D373B919-58D2-40FD-9719-76B2747C4527}.Debug|Any CPU.ActiveCfg = Debug|Any CPU
		{D373B919-58D2-40FD-9719-76B2747C4527}.Debug|Any CPU.Build.0 = Debug|Any CPU
		{D373B919-58D2-40FD-9719-76B2747C4527}.Release|Any CPU.ActiveCfg = Release|Any CPU
		{D373B919-58D2-40FD-9719-76B2747C4527}.Release|Any CPU.Build.0 = Release|Any CPU
	EndGlobalSection
	GlobalSection(SolutionProperties) = preSolution
		HideSolutionNode = FALSE
	EndGlobalSection
	GlobalSection(ExtensibilityGlobals) = postSolution
		SolutionGuid = {ACDCFB34-B083-456A-9E2F-0495C9A8274D}
	EndGlobalSection
EndGlobal
